
Microsoft Visual Studio Solution File, Format Version 12.00
# Visual Studio Version 17
VisualStudioVersion = 17.8.34322.80
MinimumVisualStudioVersion = 10.0.40219.1
Project("{FAE04EC0-301F-11D3-BF4B-00C04F79EFBC}") = "Auctioneer.Server", "Auctioneer.Server\Auctioneer.Server.csproj", "{254B2E6A-B3C2-4088-9857-9064758276F7}"
EndProject
Project("{54A90642-561A-4BB1-A94E-469ADEE60C69}") = "auctioneer.client", "auctioneer.client\auctioneer.client.esproj", "{918BB097-601C-4E2E-96F8-EB7A4631ED99}"
EndProject
Global
	GlobalSection(SolutionConfigurationPlatforms) = preSolution
		Debug|Any CPU = Debug|Any CPU
		Release|Any CPU = Release|Any CPU
	EndGlobalSection
	GlobalSection(ProjectConfigurationPlatforms) = postSolution
		{254B2E6A-B3C2-4088-9857-9064758276F7}.Debug|Any CPU.ActiveCfg = Debug|Any CPU
		{254B2E6A-B3C2-4088-9857-9064758276F7}.Debug|Any CPU.Build.0 = Debug|Any CPU
		{254B2E6A-B3C2-4088-9857-9064758276F7}.Release|Any CPU.ActiveCfg = Release|Any CPU
		{254B2E6A-B3C2-4088-9857-9064758276F7}.Release|Any CPU.Build.0 = Release|Any CPU
		{918BB097-601C-4E2E-96F8-EB7A4631ED99}.Debug|Any CPU.ActiveCfg = Debug|Any CPU
		{918BB097-601C-4E2E-96F8-EB7A4631ED99}.Debug|Any CPU.Build.0 = Debug|Any CPU
		{918BB097-601C-4E2E-96F8-EB7A4631ED99}.Debug|Any CPU.Deploy.0 = Debug|Any CPU
		{918BB097-601C-4E2E-96F8-EB7A4631ED99}.Release|Any CPU.ActiveCfg = Release|Any CPU
		{918BB097-601C-4E2E-96F8-EB7A4631ED99}.Release|Any CPU.Build.0 = Release|Any CPU
		{918BB097-601C-4E2E-96F8-EB7A4631ED99}.Release|Any CPU.Deploy.0 = Release|Any CPU
	EndGlobalSection
	GlobalSection(SolutionProperties) = preSolution
		HideSolutionNode = FALSE
	EndGlobalSection
	GlobalSection(ExtensibilityGlobals) = postSolution
		SolutionGuid = {C8D78333-B32B-4A0D-9C6E-257F0709867E}
	EndGlobalSection
EndGlobal
